
Microsoft Visual Studio Solution File, Format Version 12.00
# Visual Studio 15
VisualStudioVersion = 15.0.28307.705
MinimumVisualStudioVersion = 10.0.40219.1
Project("{FAE04EC0-301F-11D3-BF4B-00C04F79EFBC}") = "aspnetcorehousekeeping", "aspnetcorehousekeeping\aspnetcorehousekeeping.csproj", "{2017CA35-B2C8-4467-B3CF-F2C0C02929FF}"
EndProject
Global
	GlobalSection(SolutionConfigurationPlatforms) = preSolution
		Debug|Any CPU = Debug|Any CPU
		Release|Any CPU = Release|Any CPU
	EndGlobalSection
	GlobalSection(ProjectConfigurationPlatforms) = postSolution
		{2017CA35-B2C8-4467-B3CF-F2C0C02929FF}.Debug|Any CPU.ActiveCfg = Debug|Any CPU
		{2017CA35-B2C8-4467-B3CF-F2C0C02929FF}.Debug|Any CPU.Build.0 = Debug|Any CPU
		{2017CA35-B2C8-4467-B3CF-F2C0C02929FF}.Release|Any CPU.ActiveCfg = Release|Any CPU
		{2017CA35-B2C8-4467-B3CF-F2C0C02929FF}.Release|Any CPU.Build.0 = Release|Any CPU
	EndGlobalSection
	GlobalSection(SolutionProperties) = preSolution
		HideSolutionNode = FALSE
	EndGlobalSection
	GlobalSection(ExtensibilityGlobals) = postSolution
		SolutionGuid = {70CEADAF-3C6B-4F23-A35E-B11335454A50}
	EndGlobalSection
EndGlobal
